
Microsoft Visual Studio Solution File, Format Version 12.00
# Visual Studio Version 17
VisualStudioVersion = 17.2.32519.379
MinimumVisualStudioVersion = 10.0.40219.1
Project("{9A19103F-16F7-4668-BE54-9A1E7A4F7556}") = "LSTMEKanban.Entities", "LSTMEKanban.Entities\LSTMEKanban.Entities.csproj", "{477406D0-B401-447C-B62E-272CE3449C15}"
EndProject
Project("{9A19103F-16F7-4668-BE54-9A1E7A4F7556}") = "LSTMEKanban.Internal", "LSTMEKanban.Internal\LSTMEKanban.Internal.csproj", "{97F00752-6542-4BF0-8572-D62589B642F7}"
EndProject
Project("{9A19103F-16F7-4668-BE54-9A1E7A4F7556}") = "LSTMEKanban.WebApp", "LSTMEKanban.WebApp\LSTMEKanban.WebApp.csproj", "{8CD6CB44-1938-4750-88F5-892FF3D33DE2}"
EndProject
Project("{9A19103F-16F7-4668-BE54-9A1E7A4F7556}") = "LSTMEKanban.Tests", "LSTMEKanban.Tests\LSTMEKanban.Tests.csproj", "{4C6F4432-5802-4A6A-8589-66BD2B96C808}"
EndProject
Global
	GlobalSection(SolutionConfigurationPlatforms) = preSolution
		Debug|Any CPU = Debug|Any CPU
		Release|Any CPU = Release|Any CPU
	EndGlobalSection
	GlobalSection(ProjectConfigurationPlatforms) = postSolution
		{477406D0-B401-447C-B62E-272CE3449C15}.Debug|Any CPU.ActiveCfg = Debug|Any CPU
		{477406D0-B401-447C-B62E-272CE3449C15}.Debug|Any CPU.Build.0 = Debug|Any CPU
		{477406D0-B401-447C-B62E-272CE3449C15}.Release|Any CPU.ActiveCfg = Release|Any CPU
		{477406D0-B401-447C-B62E-272CE3449C15}.Release|Any CPU.Build.0 = Release|Any CPU
		{97F00752-6542-4BF0-8572-D62589B642F7}.Debug|Any CPU.ActiveCfg = Debug|Any CPU
		{97F00752-6542-4BF0-8572-D62589B642F7}.Debug|Any CPU.Build.0 = Debug|Any CPU
		{97F00752-6542-4BF0-8572-D62589B642F7}.Release|Any CPU.ActiveCfg = Release|Any CPU
		{97F00752-6542-4BF0-8572-D62589B642F7}.Release|Any CPU.Build.0 = Release|Any CPU
		{8CD6CB44-1938-4750-88F5-892FF3D33DE2}.Debug|Any CPU.ActiveCfg = Debug|Any CPU
		{8CD6CB44-1938-4750-88F5-892FF3D33DE2}.Debug|Any CPU.Build.0 = Debug|Any CPU
		{8CD6CB44-1938-4750-88F5-892FF3D33DE2}.Release|Any CPU.ActiveCfg = Release|Any CPU
		{8CD6CB44-1938-4750-88F5-892FF3D33DE2}.Release|Any CPU.Build.0 = Release|Any CPU
		{4C6F4432-5802-4A6A-8589-66BD2B96C808}.Debug|Any CPU.ActiveCfg = Debug|Any CPU
		{4C6F4432-5802-4A6A-8589-66BD2B96C808}.Debug|Any CPU.Build.0 = Debug|Any CPU
		{4C6F4432-5802-4A6A-8589-66BD2B96C808}.Release|Any CPU.ActiveCfg = Release|Any CPU
		{4C6F4432-5802-4A6A-8589-66BD2B96C808}.Release|Any CPU.Build.0 = Release|Any CPU
	EndGlobalSection
	GlobalSection(SolutionProperties) = preSolution
		HideSolutionNode = FALSE
	EndGlobalSection
	GlobalSection(ExtensibilityGlobals) = postSolution
		SolutionGuid = {F3BCED77-5365-40A8-A90C-FF1146F6474D}
	EndGlobalSection
EndGlobal
